
Microsoft Visual Studio Solution File, Format Version 12.00
# Visual Studio Version 16
VisualStudioVersion = 16.0.33529.622
MinimumVisualStudioVersion = 10.0.40219.1
Project("{FAE04EC0-301F-11D3-BF4B-00C04F79EFBC}") = "XPresso", "XPresso.csproj", "{4D8E0BD5-FC29-48C9-B3A4-CEA01F3BC6A1}"
EndProject
Project("{FAE04EC0-301F-11D3-BF4B-00C04F79EFBC}") = "UnitTestOrder", "..\UnitTestOrder\UnitTestOrder.csproj", "{E71E4243-5CC5-48EC-8391-597A6577E361}"
EndProject
Global
	GlobalSection(SolutionConfigurationPlatforms) = preSolution
		Debug|Any CPU = Debug|Any CPU
		Release|Any CPU = Release|Any CPU
	EndGlobalSection
	GlobalSection(ProjectConfigurationPlatforms) = postSolution
		{4D8E0BD5-FC29-48C9-B3A4-CEA01F3BC6A1}.Debug|Any CPU.ActiveCfg = Debug|Any CPU
		{4D8E0BD5-FC29-48C9-B3A4-CEA01F3BC6A1}.Debug|Any CPU.Build.0 = Debug|Any CPU
		{4D8E0BD5-FC29-48C9-B3A4-CEA01F3BC6A1}.Release|Any CPU.ActiveCfg = Release|Any CPU
		{4D8E0BD5-FC29-48C9-B3A4-CEA01F3BC6A1}.Release|Any CPU.Build.0 = Release|Any CPU
		{E71E4243-5CC5-48EC-8391-597A6577E361}.Debug|Any CPU.ActiveCfg = Debug|Any CPU
		{E71E4243-5CC5-48EC-8391-597A6577E361}.Debug|Any CPU.Build.0 = Debug|Any CPU
		{E71E4243-5CC5-48EC-8391-597A6577E361}.Release|Any CPU.ActiveCfg = Release|Any CPU
		{E71E4243-5CC5-48EC-8391-597A6577E361}.Release|Any CPU.Build.0 = Release|Any CPU
	EndGlobalSection
	GlobalSection(SolutionProperties) = preSolution
		HideSolutionNode = FALSE
	EndGlobalSection
	GlobalSection(ExtensibilityGlobals) = postSolution
		SolutionGuid = {B43CB84C-3BA9-43D7-AD36-021BA39256C4}
	EndGlobalSection
EndGlobal
